
Microsoft Visual Studio Solution File, Format Version 11.00
# Visual Studio 2010
Project("{FAE04EC0-301F-11D3-BF4B-00C04F79EFBC}") = "Cubic-The-Game", "Cubic-The-Game\Cubic-The-Game\Cubic-The-Game.csproj", "{E084C8F4-D9B8-4096-B52F-5E86857F20B7}"
EndProject
Project("{96E2B04D-8817-42C6-938A-82C39BA4D311}") = "Cubic-The-GameContent", "Cubic-The-Game\Cubic-The-GameContent\Cubic-The-GameContent.contentproj", "{211573AF-F405-442C-B4F2-BB63769618BE}"
EndProject
Global
	GlobalSection(SolutionConfigurationPlatforms) = preSolution
		Debug|Xbox 360 = Debug|Xbox 360
		Release|Xbox 360 = Release|Xbox 360
	EndGlobalSection
	GlobalSection(ProjectConfigurationPlatforms) = postSolution
		{E084C8F4-D9B8-4096-B52F-5E86857F20B7}.Debug|Xbox 360.ActiveCfg = Debug|Xbox 360
		{E084C8F4-D9B8-4096-B52F-5E86857F20B7}.Debug|Xbox 360.Build.0 = Debug|Xbox 360
		{E084C8F4-D9B8-4096-B52F-5E86857F20B7}.Debug|Xbox 360.Deploy.0 = Debug|Xbox 360
		{E084C8F4-D9B8-4096-B52F-5E86857F20B7}.Release|Xbox 360.ActiveCfg = Release|Xbox 360
		{E084C8F4-D9B8-4096-B52F-5E86857F20B7}.Release|Xbox 360.Build.0 = Release|Xbox 360
		{E084C8F4-D9B8-4096-B52F-5E86857F20B7}.Release|Xbox 360.Deploy.0 = Release|Xbox 360
		{211573AF-F405-442C-B4F2-BB63769618BE}.Debug|Xbox 360.ActiveCfg = Debug|Xbox 360
		{211573AF-F405-442C-B4F2-BB63769618BE}.Release|Xbox 360.ActiveCfg = Release|Xbox 360
	EndGlobalSection
	GlobalSection(SolutionProperties) = preSolution
		HideSolutionNode = FALSE
	EndGlobalSection
EndGlobal
